
Microsoft Visual Studio Solution File, Format Version 12.00
# Visual Studio 15
VisualStudioVersion = 15.0.28307.421
MinimumVisualStudioVersion = 10.0.40219.1
Project("{FAE04EC0-301F-11D3-BF4B-00C04F79EFBC}") = "WindowsFormsApp1", "WindowsFormsApp1\WindowsFormsApp1.csproj", "{153C9815-41D7-453D-9336-FFAB23746DCC}"
EndProject
Global
	GlobalSection(SolutionConfigurationPlatforms) = preSolution
		Debug|Any CPU = Debug|Any CPU
		Release|Any CPU = Release|Any CPU
	EndGlobalSection
	GlobalSection(ProjectConfigurationPlatforms) = postSolution
		{153C9815-41D7-453D-9336-FFAB23746DCC}.Debug|Any CPU.ActiveCfg = Debug|Any CPU
		{153C9815-41D7-453D-9336-FFAB23746DCC}.Debug|Any CPU.Build.0 = Debug|Any CPU
		{153C9815-41D7-453D-9336-FFAB23746DCC}.Release|Any CPU.ActiveCfg = Release|Any CPU
		{153C9815-41D7-453D-9336-FFAB23746DCC}.Release|Any CPU.Build.0 = Release|Any CPU
	EndGlobalSection
	GlobalSection(SolutionProperties) = preSolution
		HideSolutionNode = FALSE
	EndGlobalSection
	GlobalSection(ExtensibilityGlobals) = postSolution
		SolutionGuid = {BAAC07A9-122E-4DD5-A4D2-17293E158C36}
	EndGlobalSection
EndGlobal
